
Microsoft Visual Studio Solution File, Format Version 12.00
# Visual Studio Version 16
VisualStudioVersion = 16.0.29905.134
MinimumVisualStudioVersion = 10.0.40219.1
Project("{FAE04EC0-301F-11D3-BF4B-00C04F79EFBC}") = "FilghtControlWeb", "FilghtControlWeb\FilghtControlWeb.csproj", "{FC5A82EC-D210-4044-A191-554BDCE85898}"
EndProject
Global
	GlobalSection(SolutionConfigurationPlatforms) = preSolution
		Debug|Any CPU = Debug|Any CPU
		Release|Any CPU = Release|Any CPU
	EndGlobalSection
	GlobalSection(ProjectConfigurationPlatforms) = postSolution
		{FC5A82EC-D210-4044-A191-554BDCE85898}.Debug|Any CPU.ActiveCfg = Debug|Any CPU
		{FC5A82EC-D210-4044-A191-554BDCE85898}.Debug|Any CPU.Build.0 = Debug|Any CPU
		{FC5A82EC-D210-4044-A191-554BDCE85898}.Release|Any CPU.ActiveCfg = Release|Any CPU
		{FC5A82EC-D210-4044-A191-554BDCE85898}.Release|Any CPU.Build.0 = Release|Any CPU
	EndGlobalSection
	GlobalSection(SolutionProperties) = preSolution
		HideSolutionNode = FALSE
	EndGlobalSection
	GlobalSection(ExtensibilityGlobals) = postSolution
		SolutionGuid = {BCC7858B-FE97-4C02-AD40-4D4A9AB5DF1F}
	EndGlobalSection
EndGlobal
